// !$*UTF8*$!
{
	archiveVersion = 1;
	classes = {
	};
	objectVersion = 46;
	objects = {

/* Begin PBXBuildFile section */
		1AFC3E3F1687A55000B0E967 /* Cocoa.framework in Frameworks */ = {isa = PBXBuildFile; fileRef = 1AFC3E3E1687A55000B0E967 /* Cocoa.framework */; };
		1AFC3E491687A55000B0E967 /* InfoPlist.strings in Resources */ = {isa = PBXBuildFile; fileRef = 1AFC3E471687A55000B0E967 /* InfoPlist.strings */; };
		1AFC3E4B1687A55000B0E967 /* main.m in Sources */ = {isa = PBXBuildFile; fileRef = 1AFC3E4A1687A55000B0E967 /* main.m */; };
		1AFC3E4F1687A55000B0E967 /* Credits.rtf in Resources */ = {isa = PBXBuildFile; fileRef = 1AFC3E4D1687A55000B0E967 /* Credits.rtf */; };
		1AFC3E521687A55000B0E967 /* JRAppDelegate.m in Sources */ = {isa = PBXBuildFile; fileRef = 1AFC3E511687A55000B0E967 /* JRAppDelegate.m */; };
		1AFC3E551687A55000B0E967 /* MainMenu.xib in Resources */ = {isa = PBXBuildFile; fileRef = 1AFC3E531687A55000B0E967 /* MainMenu.xib */; };
		1AFC3E581687A55000B0E967 /* RemoteSleeper.xcdatamodeld in Sources */ = {isa = PBXBuildFile; fileRef = 1AFC3E561687A55000B0E967 /* RemoteSleeper.xcdatamodeld */; };
		1AFC3E5F1687A81300B0E967 /* libz.dylib in Frameworks */ = {isa = PBXBuildFile; fileRef = 1AFC3E5E1687A81300B0E967 /* libz.dylib */; };
		1AFC3E611687A81B00B0E967 /* libcrypto.dylib in Frameworks */ = {isa = PBXBuildFile; fileRef = 1AFC3E601687A81B00B0E967 /* libcrypto.dylib */; };
		1AFC3E821687A83100B0E967 /* DFSSHConnectionType.m in Sources */ = {isa = PBXBuildFile; fileRef = 1AFC3E691687A83100B0E967 /* DFSSHConnectionType.m */; };
		1AFC3E831687A83100B0E967 /* DFSSHConnector.m in Sources */ = {isa = PBXBuildFile; fileRef = 1AFC3E6A1687A83100B0E967 /* DFSSHConnector.m */; };
		1AFC3E841687A83100B0E967 /* DFSSHOperator.m in Sources */ = {isa = PBXBuildFile; fileRef = 1AFC3E6B1687A83100B0E967 /* DFSSHOperator.m */; };
		1AFC3E851687A83100B0E967 /* DFSSHServer.m in Sources */ = {isa = PBXBuildFile; fileRef = 1AFC3E6C1687A83100B0E967 /* DFSSHServer.m */; };
		1AFC3E861687A83100B0E967 /* libssh2.a in Frameworks */ = {isa = PBXBuildFile; fileRef = 1AFC3E811687A83100B0E967 /* libssh2.a */; };
		1AFC3E891687AB6000B0E967 /* HostInfo.m in Sources */ = {isa = PBXBuildFile; fileRef = 1AFC3E881687AB6000B0E967 /* HostInfo.m */; };
		1AFC3E931687B6F800B0E967 /* readme.md in Resources */ = {isa = PBXBuildFile; fileRef = 1AFC3E921687B6F800B0E967 /* readme.md */; };
/* End PBXBuildFile section */

/* Begin PBXFileReference section */
		1AFC3E3A1687A55000B0E967 /* RemoteSleeper.app */ = {isa = PBXFileReference; explicitFileType = wrapper.application; includeInIndex = 0; path = RemoteSleeper.app; sourceTree = BUILT_PRODUCTS_DIR; };
		1AFC3E3E1687A55000B0E967 /* Cocoa.framework */ = {isa = PBXFileReference; lastKnownFileType = wrapper.framework; name = Cocoa.framework; path = System/Library/Frameworks/Cocoa.framework; sourceTree = SDKROOT; };
		1AFC3E411687A55000B0E967 /* AppKit.framework */ = {isa = PBXFileReference; lastKnownFileType = wrapper.framework; name = AppKit.framework; path = System/Library/Frameworks/AppKit.framework; sourceTree = SDKROOT; };
		1AFC3E421687A55000B0E967 /* CoreData.framework */ = {isa = PBXFileReference; lastKnownFileType = wrapper.framework; name = CoreData.framework; path = System/Library/Frameworks/CoreData.framework; sourceTree = SDKROOT; };
		1AFC3E431687A55000B0E967 /* Foundation.framework */ = {isa = PBXFileReference; lastKnownFileType = wrapper.framework; name = Foundation.framework; path = System/Library/Frameworks/Foundation.framework; sourceTree = SDKROOT; };
		1AFC3E461687A55000B0E967 /* RemoteSleeper-Info.plist */ = {isa = PBXFileReference; lastKnownFileType = text.plist.xml; path = "RemoteSleeper-Info.plist"; sourceTree = "<group>"; };
		1AFC3E481687A55000B0E967 /* en */ = {isa = PBXFileReference; lastKnownFileType = text.plist.strings; name = en; path = en.lproj/InfoPlist.strings; sourceTree = "<group>"; };
		1AFC3E4A1687A55000B0E967 /* main.m */ = {isa = PBXFileReference; lastKnownFileType = sourcecode.c.objc; path = main.m; sourceTree = "<group>"; };
		1AFC3E4C1687A55000B0E967 /* RemoteSleeper-Prefix.pch */ = {isa = PBXFileReference; lastKnownFileType = sourcecode.c.h; path = "RemoteSleeper-Prefix.pch"; sourceTree = "<group>"; };
		1AFC3E4E1687A55000B0E967 /* en */ = {isa = PBXFileReference; lastKnownFileType = text.rtf; name = en; path = en.lproj/Credits.rtf; sourceTree = "<group>"; };
		1AFC3E501687A55000B0E967 /* JRAppDelegate.h */ = {isa = PBXFileReference; lastKnownFileType = sourcecode.c.h; path = JRAppDelegate.h; sourceTree = "<group>"; };
		1AFC3E511687A55000B0E967 /* JRAppDelegate.m */ = {isa = PBXFileReference; lastKnownFileType = sourcecode.c.objc; path = JRAppDelegate.m; sourceTree = "<group>"; };
		1AFC3E541687A55000B0E967 /* en */ = {isa = PBXFileReference; lastKnownFileType = file.xib; name = en; path = en.lproj/MainMenu.xib; sourceTree = "<group>"; };
		1AFC3E571687A55000B0E967 /* RemoteSleeper.xcdatamodel */ = {isa = PBXFileReference; lastKnownFileType = wrapper.xcdatamodel; path = RemoteSleeper.xcdatamodel; sourceTree = "<group>"; };
		1AFC3E5E1687A81300B0E967 /* libz.dylib */ = {isa = PBXFileReference; lastKnownFileType = "compiled.mach-o.dylib"; name = libz.dylib; path = usr/lib/libz.dylib; sourceTree = SDKROOT; };
		1AFC3E601687A81B00B0E967 /* libcrypto.dylib */ = {isa = PBXFileReference; lastKnownFileType = "compiled.mach-o.dylib"; name = libcrypto.dylib; path = usr/lib/libcrypto.dylib; sourceTree = SDKROOT; };
		1AFC3E641687A83100B0E967 /* DFSSHConnectionType.h */ = {isa = PBXFileReference; fileEncoding = 4; lastKnownFileType = sourcecode.c.h; path = DFSSHConnectionType.h; sourceTree = "<group>"; };
		1AFC3E651687A83100B0E967 /* DFSSHConnector.h */ = {isa = PBXFileReference; fileEncoding = 4; lastKnownFileType = sourcecode.c.h; path = DFSSHConnector.h; sourceTree = "<group>"; };
		1AFC3E661687A83100B0E967 /* DFSSHOperator.h */ = {isa = PBXFileReference; fileEncoding = 4; lastKnownFileType = sourcecode.c.h; path = DFSSHOperator.h; sourceTree = "<group>"; };
		1AFC3E671687A83100B0E967 /* DFSSHServer.h */ = {isa = PBXFileReference; fileEncoding = 4; lastKnownFileType = sourcecode.c.h; path = DFSSHServer.h; sourceTree = "<group>"; };
		1AFC3E691687A83100B0E967 /* DFSSHConnectionType.m */ = {isa = PBXFileReference; fileEncoding = 4; lastKnownFileType = sourcecode.c.objc; path = DFSSHConnectionType.m; sourceTree = "<group>"; };
		1AFC3E6A1687A83100B0E967 /* DFSSHConnector.m */ = {isa = PBXFileReference; fileEncoding = 4; lastKnownFileType = sourcecode.c.objc; path = DFSSHConnector.m; sourceTree = "<group>"; };
		1AFC3E6B1687A83100B0E967 /* DFSSHOperator.m */ = {isa = PBXFileReference; fileEncoding = 4; lastKnownFileType = sourcecode.c.objc; path = DFSSHOperator.m; sourceTree = "<group>"; };
		1AFC3E6C1687A83100B0E967 /* DFSSHServer.m */ = {isa = PBXFileReference; fileEncoding = 4; lastKnownFileType = sourcecode.c.objc; path = DFSSHServer.m; sourceTree = "<group>"; };
		1AFC3E6F1687A83100B0E967 /* channel.h */ = {isa = PBXFileReference; fileEncoding = 4; lastKnownFileType = sourcecode.c.h; path = channel.h; sourceTree = "<group>"; };
		1AFC3E701687A83100B0E967 /* comp.h */ = {isa = PBXFileReference; fileEncoding = 4; lastKnownFileType = sourcecode.c.h; path = comp.h; sourceTree = "<group>"; };
		1AFC3E711687A83100B0E967 /* crypto.h */ = {isa = PBXFileReference; fileEncoding = 4; lastKnownFileType = sourcecode.c.h; path = crypto.h; sourceTree = "<group>"; };
		1AFC3E721687A83100B0E967 /* libgcrypt.h */ = {isa = PBXFileReference; fileEncoding = 4; lastKnownFileType = sourcecode.c.h; path = libgcrypt.h; sourceTree = "<group>"; };
		1AFC3E731687A83100B0E967 /* libssh2.h */ = {isa = PBXFileReference; fileEncoding = 4; lastKnownFileType = sourcecode.c.h; path = libssh2.h; sourceTree = "<group>"; };
		1AFC3E741687A83100B0E967 /* libssh2_config.h */ = {isa = PBXFileReference; fileEncoding = 4; lastKnownFileType = sourcecode.c.h; path = libssh2_config.h; sourceTree = "<group>"; };
		1AFC3E751687A83100B0E967 /* libssh2_priv.h */ = {isa = PBXFileReference; fileEncoding = 4; lastKnownFileType = sourcecode.c.h; path = libssh2_priv.h; sourceTree = "<group>"; };
		1AFC3E761687A83100B0E967 /* libssh2_publickey.h */ = {isa = PBXFileReference; fileEncoding = 4; lastKnownFileType = sourcecode.c.h; path = libssh2_publickey.h; sourceTree = "<group>"; };
		1AFC3E771687A83100B0E967 /* libssh2_sftp.h */ = {isa = PBXFileReference; fileEncoding = 4; lastKnownFileType = sourcecode.c.h; path = libssh2_sftp.h; sourceTree = "<group>"; };
		1AFC3E781687A83100B0E967 /* mac.h */ = {isa = PBXFileReference; fileEncoding = 4; lastKnownFileType = sourcecode.c.h; path = mac.h; sourceTree = "<group>"; };
		1AFC3E791687A83100B0E967 /* misc.h */ = {isa = PBXFileReference; fileEncoding = 4; lastKnownFileType = sourcecode.c.h; path = misc.h; sourceTree = "<group>"; };
		1AFC3E7A1687A83100B0E967 /* openssl.h */ = {isa = PBXFileReference; fileEncoding = 4; lastKnownFileType = sourcecode.c.h; path = openssl.h; sourceTree = "<group>"; };
		1AFC3E7B1687A83100B0E967 /* packet.h */ = {isa = PBXFileReference; fileEncoding = 4; lastKnownFileType = sourcecode.c.h; path = packet.h; sourceTree = "<group>"; };
		1AFC3E7C1687A83100B0E967 /* session.h */ = {isa = PBXFileReference; fileEncoding = 4; lastKnownFileType = sourcecode.c.h; path = session.h; sourceTree = "<group>"; };
		1AFC3E7D1687A83100B0E967 /* sftp.h */ = {isa = PBXFileReference; fileEncoding = 4; lastKnownFileType = sourcecode.c.h; path = sftp.h; sourceTree = "<group>"; };
		1AFC3E7E1687A83100B0E967 /* transport.h */ = {isa = PBXFileReference; fileEncoding = 4; lastKnownFileType = sourcecode.c.h; path = transport.h; sourceTree = "<group>"; };
		1AFC3E7F1687A83100B0E967 /* userauth.h */ = {isa = PBXFileReference; fileEncoding = 4; lastKnownFileType = sourcecode.c.h; path = userauth.h; sourceTree = "<group>"; };
		1AFC3E811687A83100B0E967 /* libssh2.a */ = {isa = PBXFileReference; lastKnownFileType = archive.ar; path = libssh2.a; sourceTree = "<group>"; };
		1AFC3E871687AB6000B0E967 /* HostInfo.h */ = {isa = PBXFileReference; fileEncoding = 4; lastKnownFileType = sourcecode.c.h; path = HostInfo.h; sourceTree = "<group>"; };
		1AFC3E881687AB6000B0E967 /* HostInfo.m */ = {isa = PBXFileReference; fileEncoding = 4; lastKnownFileType = sourcecode.c.objc; path = HostInfo.m; sourceTree = "<group>"; };
		1AFC3E921687B6F800B0E967 /* readme.md */ = {isa = PBXFileReference; fileEncoding = 4; lastKnownFileType = text; path = readme.md; sourceTree = "<group>"; };
/* End PBXFileReference section */

/* Begin PBXFrameworksBuildPhase section */
		1AFC3E371687A55000B0E967 /* Frameworks */ = {
			isa = PBXFrameworksBuildPhase;
			buildActionMask = 2147483647;
			files = (
				1AFC3E611687A81B00B0E967 /* libcrypto.dylib in Frameworks */,
				1AFC3E5F1687A81300B0E967 /* libz.dylib in Frameworks */,
				1AFC3E3F1687A55000B0E967 /* Cocoa.framework in Frameworks */,
				1AFC3E861687A83100B0E967 /* libssh2.a in Frameworks */,
			);
			runOnlyForDeploymentPostprocessing = 0;
		};
/* End PBXFrameworksBuildPhase section */

/* Begin PBXGroup section */
		1AFC3E2F1687A54F00B0E967 = {
			isa = PBXGroup;
			children = (
				1AFC3E921687B6F800B0E967 /* readme.md */,
				1AFC3E621687A83100B0E967 /* DFSSHWrapper */,
				1AFC3E6D1687A83100B0E967 /* libssh2_xcode */,
				1AFC3E441687A55000B0E967 /* RemoteSleeper */,
				1AFC3E3D1687A55000B0E967 /* Frameworks */,
				1AFC3E3B1687A55000B0E967 /* Products */,
			);
			sourceTree = "<group>";
		};
		1AFC3E3B1687A55000B0E967 /* Products */ = {
			isa = PBXGroup;
			children = (
				1AFC3E3A1687A55000B0E967 /* RemoteSleeper.app */,
			);
			name = Products;
			sourceTree = "<group>";
		};
		1AFC3E3D1687A55000B0E967 /* Frameworks */ = {
			isa = PBXGroup;
			children = (
				1AFC3E601687A81B00B0E967 /* libcrypto.dylib */,
				1AFC3E5E1687A81300B0E967 /* libz.dylib */,
				1AFC3E3E1687A55000B0E967 /* Cocoa.framework */,
				1AFC3E401687A55000B0E967 /* Other Frameworks */,
			);
			name = Frameworks;
			sourceTree = "<group>";
		};
		1AFC3E401687A55000B0E967 /* Other Frameworks */ = {
			isa = PBXGroup;
			children = (
				1AFC3E411687A55000B0E967 /* AppKit.framework */,
				1AFC3E421687A55000B0E967 /* CoreData.framework */,
				1AFC3E431687A55000B0E967 /* Foundation.framework */,
			);
			name = "Other Frameworks";
			sourceTree = "<group>";
		};
		1AFC3E441687A55000B0E967 /* RemoteSleeper */ = {
			isa = PBXGroup;
			children = (
				1AFC3E501687A55000B0E967 /* JRAppDelegate.h */,
				1AFC3E511687A55000B0E967 /* JRAppDelegate.m */,
				1AFC3E531687A55000B0E967 /* MainMenu.xib */,
				1AFC3E561687A55000B0E967 /* RemoteSleeper.xcdatamodeld */,
				1AFC3E871687AB6000B0E967 /* HostInfo.h */,
				1AFC3E881687AB6000B0E967 /* HostInfo.m */,
				1AFC3E451687A55000B0E967 /* Supporting Files */,
			);
			path = RemoteSleeper;
			sourceTree = "<group>";
		};
		1AFC3E451687A55000B0E967 /* Supporting Files */ = {
			isa = PBXGroup;
			children = (
				1AFC3E461687A55000B0E967 /* RemoteSleeper-Info.plist */,
				1AFC3E471687A55000B0E967 /* InfoPlist.strings */,
				1AFC3E4A1687A55000B0E967 /* main.m */,
				1AFC3E4C1687A55000B0E967 /* RemoteSleeper-Prefix.pch */,
				1AFC3E4D1687A55000B0E967 /* Credits.rtf */,
			);
			name = "Supporting Files";
			sourceTree = "<group>";
		};
		1AFC3E621687A83100B0E967 /* DFSSHWrapper */ = {
			isa = PBXGroup;
			children = (
				1AFC3E631687A83100B0E967 /* headers */,
				1AFC3E681687A83100B0E967 /* source */,
			);
			path = DFSSHWrapper;
			sourceTree = "<group>";
		};
		1AFC3E631687A83100B0E967 /* headers */ = {
			isa = PBXGroup;
			children = (
				1AFC3E641687A83100B0E967 /* DFSSHConnectionType.h */,
				1AFC3E651687A83100B0E967 /* DFSSHConnector.h */,
				1AFC3E661687A83100B0E967 /* DFSSHOperator.h */,
				1AFC3E671687A83100B0E967 /* DFSSHServer.h */,
			);
			path = headers;
			sourceTree = "<group>";
		};
		1AFC3E681687A83100B0E967 /* source */ = {
			isa = PBXGroup;
			children = (
				1AFC3E691687A83100B0E967 /* DFSSHConnectionType.m */,
				1AFC3E6A1687A83100B0E967 /* DFSSHConnector.m */,
				1AFC3E6B1687A83100B0E967 /* DFSSHOperator.m */,
				1AFC3E6C1687A83100B0E967 /* DFSSHServer.m */,
			);
			path = source;
			sourceTree = "<group>";
		};
		1AFC3E6D1687A83100B0E967 /* libssh2_xcode */ = {
			isa = PBXGroup;
			children = (
				1AFC3E6E1687A83100B0E967 /* include */,
				1AFC3E801687A83100B0E967 /* lib */,
			);
			path = libssh2_xcode;
			sourceTree = "<group>";
		};
		1AFC3E6E1687A83100B0E967 /* include */ = {
			isa = PBXGroup;
			children = (
				1AFC3E6F1687A83100B0E967 /* channel.h */,
				1AFC3E701687A83100B0E967 /* comp.h */,
				1AFC3E711687A83100B0E967 /* crypto.h */,
				1AFC3E721687A83100B0E967 /* libgcrypt.h */,
				1AFC3E731687A83100B0E967 /* libssh2.h */,
				1AFC3E741687A83100B0E967 /* libssh2_config.h */,
				1AFC3E751687A83100B0E967 /* libssh2_priv.h */,
				1AFC3E761687A83100B0E967 /* libssh2_publickey.h */,
				1AFC3E771687A83100B0E967 /* libssh2_sftp.h */,
				1AFC3E781687A83100B0E967 /* mac.h */,
				1AFC3E791687A83100B0E967 /* misc.h */,
				1AFC3E7A1687A83100B0E967 /* openssl.h */,
				1AFC3E7B1687A83100B0E967 /* packet.h */,
				1AFC3E7C1687A83100B0E967 /* session.h */,
				1AFC3E7D1687A83100B0E967 /* sftp.h */,
				1AFC3E7E1687A83100B0E967 /* transport.h */,
				1AFC3E7F1687A83100B0E967 /* userauth.h */,
			);
			path = include;
			sourceTree = "<group>";
		};
		1AFC3E801687A83100B0E967 /* lib */ = {
			isa = PBXGroup;
			children = (
				1AFC3E811687A83100B0E967 /* libssh2.a */,
			);
			path = lib;
			sourceTree = "<group>";
		};
/* End PBXGroup section */

/* Begin PBXNativeTarget section */
		1AFC3E391687A55000B0E967 /* RemoteSleeper */ = {
			isa = PBXNativeTarget;
			buildConfigurationList = 1AFC3E5B1687A55000B0E967 /* Build configuration list for PBXNativeTarget "RemoteSleeper" */;
			buildPhases = (
				1AFC3E361687A55000B0E967 /* Sources */,
				1AFC3E371687A55000B0E967 /* Frameworks */,
				1AFC3E381687A55000B0E967 /* Resources */,
			);
			buildRules = (
			);
			dependencies = (
			);
			name = RemoteSleeper;
			productName = RemoteSleeper;
			productReference = 1AFC3E3A1687A55000B0E967 /* RemoteSleeper.app */;
			productType = "com.apple.product-type.application";
		};
/* End PBXNativeTarget section */

/* Begin PBXProject section */
		1AFC3E311687A54F00B0E967 /* Project object */ = {
			isa = PBXProject;
			attributes = {
				CLASSPREFIX = JR;
				LastUpgradeCheck = 0450;
				ORGANIZATIONNAME = "James Reuss";
			};
			buildConfigurationList = 1AFC3E341687A54F00B0E967 /* Build configuration list for PBXProject "RemoteSleeper" */;
			compatibilityVersion = "Xcode 3.2";
			developmentRegion = English;
			hasScannedForEncodings = 0;
			knownRegions = (
				en,
			);
			mainGroup = 1AFC3E2F1687A54F00B0E967;
			productRefGroup = 1AFC3E3B1687A55000B0E967 /* Products */;
			projectDirPath = "";
			projectRoot = "";
			targets = (
				1AFC3E391687A55000B0E967 /* RemoteSleeper */,
			);
		};
/* End PBXProject section */

/* Begin PBXResourcesBuildPhase section */
		1AFC3E381687A55000B0E967 /* Resources */ = {
			isa = PBXResourcesBuildPhase;
			buildActionMask = 2147483647;
			files = (
				1AFC3E491687A55000B0E967 /* InfoPlist.strings in Resources */,
				1AFC3E4F1687A55000B0E967 /* Credits.rtf in Resources */,
				1AFC3E551687A55000B0E967 /* MainMenu.xib in Resources */,
				1AFC3E931687B6F800B0E967 /* readme.md in Resources */,
			);
			runOnlyForDeploymentPostprocessing = 0;
		};
/* End PBXResourcesBuildPhase section */

/* Begin PBXSourcesBuildPhase section */
		1AFC3E361687A55000B0E967 /* Sources */ = {
			isa = PBXSourcesBuildPhase;
			buildActionMask = 2147483647;
			files = (
				1AFC3E4B1687A55000B0E967 /* main.m in Sources */,
				1AFC3E521687A55000B0E967 /* JRAppDelegate.m in Sources */,
				1AFC3E581687A55000B0E967 /* RemoteSleeper.xcdatamodeld in Sources */,
				1AFC3E821687A83100B0E967 /* DFSSHConnectionType.m in Sources */,
				1AFC3E831687A83100B0E967 /* DFSSHConnector.m in Sources */,
				1AFC3E841687A83100B0E967 /* DFSSHOperator.m in Sources */,
				1AFC3E851687A83100B0E967 /* DFSSHServer.m in Sources */,
				1AFC3E891687AB6000B0E967 /* HostInfo.m in Sources */,
			);
			runOnlyForDeploymentPostprocessing = 0;
		};
/* End PBXSourcesBuildPhase section */

/* Begin PBXVariantGroup section */
		1AFC3E471687A55000B0E967 /* InfoPlist.strings */ = {
			isa = PBXVariantGroup;
			children = (
				1AFC3E481687A55000B0E967 /* en */,
			);
			name = InfoPlist.strings;
			sourceTree = "<group>";
		};
		1AFC3E4D1687A55000B0E967 /* Credits.rtf */ = {
			isa = PBXVariantGroup;
			children = (
				1AFC3E4E1687A55000B0E967 /* en */,
			);
			name = Credits.rtf;
			sourceTree = "<group>";
		};
		1AFC3E531687A55000B0E967 /* MainMenu.xib */ = {
			isa = PBXVariantGroup;
			children = (
				1AFC3E541687A55000B0E967 /* en */,
			);
			name = MainMenu.xib;
			sourceTree = "<group>";
		};
/* End PBXVariantGroup section */

/* Begin XCBuildConfiguration section */
		1AFC3E591687A55000B0E967 /* Debug */ = {
			isa = XCBuildConfiguration;
			buildSettings = {
				ALWAYS_SEARCH_USER_PATHS = NO;
				ARCHS = "$(ARCHS_STANDARD_64_BIT)";
				CLANG_CXX_LANGUAGE_STANDARD = "gnu++0x";
				CLANG_CXX_LIBRARY = "libc++";
				CLANG_WARN_EMPTY_BODY = YES;
				CLANG_WARN__DUPLICATE_METHOD_MATCH = YES;
				COPY_PHASE_STRIP = NO;
				GCC_C_LANGUAGE_STANDARD = gnu99;
				GCC_DYNAMIC_NO_PIC = NO;
				GCC_ENABLE_OBJC_EXCEPTIONS = YES;
				GCC_OPTIMIZATION_LEVEL = 0;
				GCC_PREPROCESSOR_DEFINITIONS = (
					"DEBUG=1",
					"$(inherited)",
				);
				GCC_SYMBOLS_PRIVATE_EXTERN = NO;
				GCC_WARN_64_TO_32_BIT_CONVERSION = YES;
				GCC_WARN_ABOUT_RETURN_TYPE = YES;
				GCC_WARN_UNINITIALIZED_AUTOS = YES;
				GCC_WARN_UNUSED_VARIABLE = YES;
				MACOSX_DEPLOYMENT_TARGET = 10.8;
				ONLY_ACTIVE_ARCH = YES;
				SDKROOT = macosx;
			};
			name = Debug;
		};
		1AFC3E5A1687A55000B0E967 /* Release */ = {
			isa = XCBuildConfiguration;
			buildSettings = {
				ALWAYS_SEARCH_USER_PATHS = NO;
				ARCHS = "$(ARCHS_STANDARD_64_BIT)";
				CLANG_CXX_LANGUAGE_STANDARD = "gnu++0x";
				CLANG_CXX_LIBRARY = "libc++";
				CLANG_WARN_EMPTY_BODY = YES;
				CLANG_WARN__DUPLICATE_METHOD_MATCH = YES;
				COPY_PHASE_STRIP = YES;
				DEBUG_INFORMATION_FORMAT = "dwarf-with-dsym";
				GCC_C_LANGUAGE_STANDARD = gnu99;
				GCC_ENABLE_OBJC_EXCEPTIONS = YES;
				GCC_WARN_64_TO_32_BIT_CONVERSION = YES;
				GCC_WARN_ABOUT_RETURN_TYPE = YES;
				GCC_WARN_UNINITIALIZED_AUTOS = YES;
				GCC_WARN_UNUSED_VARIABLE = YES;
				MACOSX_DEPLOYMENT_TARGET = 10.8;
				SDKROOT = macosx;
			};
			name = Release;
		};
		1AFC3E5C1687A55000B0E967 /* Debug */ = {
			isa = XCBuildConfiguration;
			buildSettings = {
				COMBINE_HIDPI_IMAGES = YES;
				GCC_PRECOMPILE_PREFIX_HEADER = YES;
				GCC_PREFIX_HEADER = "RemoteSleeper/RemoteSleeper-Prefix.pch";
				INFOPLIST_FILE = "RemoteSleeper/RemoteSleeper-Info.plist";
				LIBRARY_SEARCH_PATHS = (
					"$(inherited)",
					"\"$(SRCROOT)/libssh2_xcode/lib\"",
				);
				PRODUCT_NAME = "$(TARGET_NAME)";
				WRAPPER_EXTENSION = app;
			};
			name = Debug;
		};
		1AFC3E5D1687A55000B0E967 /* Release */ = {
			isa = XCBuildConfiguration;
			buildSettings = {
				COMBINE_HIDPI_IMAGES = YES;
				GCC_PRECOMPILE_PREFIX_HEADER = YES;
				GCC_PREFIX_HEADER = "RemoteSleeper/RemoteSleeper-Prefix.pch";
				INFOPLIST_FILE = "RemoteSleeper/RemoteSleeper-Info.plist";
				LIBRARY_SEARCH_PATHS = (
					"$(inherited)",
					"\"$(SRCROOT)/libssh2_xcode/lib\"",
				);
				PRODUCT_NAME = "$(TARGET_NAME)";
				WRAPPER_EXTENSION = app;
			};
			name = Release;
		};
/* End XCBuildConfiguration section */

/* Begin XCConfigurationList section */
		1AFC3E341687A54F00B0E967 /* Build configuration list for PBXProject "RemoteSleeper" */ = {
			isa = XCConfigurationList;
			buildConfigurations = (
				1AFC3E591687A55000B0E967 /* Debug */,
				1AFC3E5A1687A55000B0E967 /* Release */,
			);
			defaultConfigurationIsVisible = 0;
			defaultConfigurationName = Release;
		};
		1AFC3E5B1687A55000B0E967 /* Build configuration list for PBXNativeTarget "RemoteSleeper" */ = {
			isa = XCConfigurationList;
			buildConfigurations = (
				1AFC3E5C1687A55000B0E967 /* Debug */,
				1AFC3E5D1687A55000B0E967 /* Release */,
			);
			defaultConfigurationIsVisible = 0;
			defaultConfigurationName = Release;
		};
/* End XCConfigurationList section */

/* Begin XCVersionGroup section */
		1AFC3E561687A55000B0E967 /* RemoteSleeper.xcdatamodeld */ = {
			isa = XCVersionGroup;
			children = (
				1AFC3E571687A55000B0E967 /* RemoteSleeper.xcdatamodel */,
			);
			currentVersion = 1AFC3E571687A55000B0E967 /* RemoteSleeper.xcdatamodel */;
			path = RemoteSleeper.xcdatamodeld;
			sourceTree = "<group>";
			versionGroupType = wrapper.xcdatamodel;
		};
/* End XCVersionGroup section */
	};
	rootObject = 1AFC3E311687A54F00B0E967 /* Project object */;
}
